{
  "version": 4,
  "terraform_version": "1.5.6",
  "serial": 63,
  "lineage": "a29818d9-3a70-1086-b497-af7fa946fd9f",
  "outputs": {
    "vm-external-ip": {
      "value": "34.88.128.161",
      "type": "string"
    },
    "vm-internal-ip": {
      "value": "10.10.10.2",
      "type": "string"
    },
    "vm-name": {
      "value": "master-webfusion-kube-cluster-test-vm",
      "type": "string"
    }
  },
  "resources": [
    {
      "mode": "data",
      "type": "template_file",
      "name": "linux-metadata",
      "provider": "provider[\"registry.terraform.io/hashicorp/template\"]",
      "instances": [
        {
          "schema_version": 0,
          "attributes": {
            "filename": null,
            "id": "e88d8c2db1a852e09a48f12f8b1ac30eee7f11168a06fa0603a5fe399d03bcf8",
            "rendered": "sudo swapoff -a;\r\nsudo apt install docker.io -y;\r\ncurl -s https://packages.cloud.google.com/apt/doc/apt-key.gpg | sudo apt-key add;\r\necho \"deb https://apt.kubernetes.io/ kubernetes-xenial main\" | sudo tee /etc/apt/sources.list.d/kubernetes.list;\r\nsudo apt update;\r\nsudo apt install kubeadm kubelet kubectl kubernetes-cni -y;\r\n",
            "template": "sudo swapoff -a;\r\nsudo apt install docker.io -y;\r\ncurl -s https://packages.cloud.google.com/apt/doc/apt-key.gpg | sudo apt-key add;\r\necho \"deb https://apt.kubernetes.io/ kubernetes-xenial main\" | sudo tee /etc/apt/sources.list.d/kubernetes.list;\r\nsudo apt update;\r\nsudo apt install kubeadm kubelet kubectl kubernetes-cni -y;\r\n",
            "vars": null
          },
          "sensitive_attributes": []
        }
      ]
    },
    {
      "mode": "managed",
      "type": "google_compute_address",
      "name": "static",
      "provider": "provider[\"registry.terraform.io/hashicorp/google\"]",
      "instances": [
        {
          "schema_version": 0,
          "attributes": {
            "address": "34.88.128.161",
            "address_type": "EXTERNAL",
            "creation_timestamp": "2023-08-28T01:58:19.989-07:00",
            "description": "",
            "id": "projects/mypersonaluse-396811/regions/europe-north1/addresses/ipv4-address",
            "ip_version": "",
            "ipv6_endpoint_type": "",
            "name": "ipv4-address",
            "network": "",
            "network_tier": "PREMIUM",
            "prefix_length": 0,
            "project": "mypersonaluse-396811",
            "purpose": "",
            "region": "europe-north1",
            "self_link": "https://www.googleapis.com/compute/v1/projects/mypersonaluse-396811/regions/europe-north1/addresses/ipv4-address",
            "subnetwork": "",
            "timeouts": null,
            "users": []
          },
          "sensitive_attributes": [],
          "private": "eyJlMmJmYjczMC1lY2FhLTExZTYtOGY4OC0zNDM2M2JjN2M0YzAiOnsiY3JlYXRlIjoxMjAwMDAwMDAwMDAwLCJkZWxldGUiOjEyMDAwMDAwMDAwMDB9fQ=="
        }
      ]
    },
    {
      "mode": "managed",
      "type": "google_compute_address",
      "name": "static2",
      "provider": "provider[\"registry.terraform.io/hashicorp/google\"]",
      "instances": [
        {
          "schema_version": 0,
          "attributes": {
            "address": "34.88.145.133",
            "address_type": "EXTERNAL",
            "creation_timestamp": "2023-08-28T01:58:20.019-07:00",
            "description": "",
            "id": "projects/mypersonaluse-396811/regions/europe-north1/addresses/ipv4-address2",
            "ip_version": "",
            "ipv6_endpoint_type": "",
            "name": "ipv4-address2",
            "network": "",
            "network_tier": "PREMIUM",
            "prefix_length": 0,
            "project": "mypersonaluse-396811",
            "purpose": "",
            "region": "europe-north1",
            "self_link": "https://www.googleapis.com/compute/v1/projects/mypersonaluse-396811/regions/europe-north1/addresses/ipv4-address2",
            "subnetwork": "",
            "timeouts": null,
            "users": []
          },
          "sensitive_attributes": [],
          "private": "eyJlMmJmYjczMC1lY2FhLTExZTYtOGY4OC0zNDM2M2JjN2M0YzAiOnsiY3JlYXRlIjoxMjAwMDAwMDAwMDAwLCJkZWxldGUiOjEyMDAwMDAwMDAwMDB9fQ=="
        }
      ]
    },
    {
      "mode": "managed",
      "type": "google_compute_address",
      "name": "static3",
      "provider": "provider[\"registry.terraform.io/hashicorp/google\"]",
      "instances": [
        {
          "schema_version": 0,
          "attributes": {
            "address": "35.228.105.124",
            "address_type": "EXTERNAL",
            "creation_timestamp": "2023-08-28T01:58:20.048-07:00",
            "description": "",
            "id": "projects/mypersonaluse-396811/regions/europe-north1/addresses/ipv4-address3",
            "ip_version": "",
            "ipv6_endpoint_type": "",
            "name": "ipv4-address3",
            "network": "",
            "network_tier": "PREMIUM",
            "prefix_length": 0,
            "project": "mypersonaluse-396811",
            "purpose": "",
            "region": "europe-north1",
            "self_link": "https://www.googleapis.com/compute/v1/projects/mypersonaluse-396811/regions/europe-north1/addresses/ipv4-address3",
            "subnetwork": "",
            "timeouts": null,
            "users": []
          },
          "sensitive_attributes": [],
          "private": "eyJlMmJmYjczMC1lY2FhLTExZTYtOGY4OC0zNDM2M2JjN2M0YzAiOnsiY3JlYXRlIjoxMjAwMDAwMDAwMDAwLCJkZWxldGUiOjEyMDAwMDAwMDAwMDB9fQ=="
        }
      ]
    },
    {
      "mode": "managed",
      "type": "google_compute_firewall",
      "name": "allow-http",
      "provider": "provider[\"registry.terraform.io/hashicorp/google\"]",
      "instances": [
        {
          "schema_version": 1,
          "attributes": {
            "allow": [
              {
                "ports": [
                  "80"
                ],
                "protocol": "tcp"
              }
            ],
            "creation_timestamp": "2023-08-28T01:58:41.830-07:00",
            "deny": [],
            "description": "",
            "destination_ranges": [],
            "direction": "INGRESS",
            "disabled": false,
            "enable_logging": null,
            "id": "projects/mypersonaluse-396811/global/firewalls/kube-cluster-test-fw-allow-http",
            "log_config": [],
            "name": "kube-cluster-test-fw-allow-http",
            "network": "https://www.googleapis.com/compute/v1/projects/mypersonaluse-396811/global/networks/webfusion-kube-cluster-test-vpc",
            "priority": 1000,
            "project": "mypersonaluse-396811",
            "self_link": "https://www.googleapis.com/compute/v1/projects/mypersonaluse-396811/global/firewalls/kube-cluster-test-fw-allow-http",
            "source_ranges": [
              "0.0.0.0/0"
            ],
            "source_service_accounts": [],
            "source_tags": [],
            "target_service_accounts": [],
            "target_tags": [
              "http"
            ],
            "timeouts": null
          },
          "sensitive_attributes": [],
          "private": "eyJlMmJmYjczMC1lY2FhLTExZTYtOGY4OC0zNDM2M2JjN2M0YzAiOnsiY3JlYXRlIjoxMjAwMDAwMDAwMDAwLCJkZWxldGUiOjEyMDAwMDAwMDAwMDAsInVwZGF0ZSI6MTIwMDAwMDAwMDAwMH0sInNjaGVtYV92ZXJzaW9uIjoiMSJ9",
          "dependencies": [
            "google_compute_network.vpc"
          ]
        }
      ]
    },
    {
      "mode": "managed",
      "type": "google_compute_firewall",
      "name": "allow-https",
      "provider": "provider[\"registry.terraform.io/hashicorp/google\"]",
      "instances": [
        {
          "schema_version": 1,
          "attributes": {
            "allow": [
              {
                "ports": [
                  "443"
                ],
                "protocol": "tcp"
              }
            ],
            "creation_timestamp": "2023-08-28T01:58:41.827-07:00",
            "deny": [],
            "description": "",
            "destination_ranges": [],
            "direction": "INGRESS",
            "disabled": false,
            "enable_logging": null,
            "id": "projects/mypersonaluse-396811/global/firewalls/kube-cluster-test-fw-allow-https",
            "log_config": [],
            "name": "kube-cluster-test-fw-allow-https",
            "network": "https://www.googleapis.com/compute/v1/projects/mypersonaluse-396811/global/networks/webfusion-kube-cluster-test-vpc",
            "priority": 1000,
            "project": "mypersonaluse-396811",
            "self_link": "https://www.googleapis.com/compute/v1/projects/mypersonaluse-396811/global/firewalls/kube-cluster-test-fw-allow-https",
            "source_ranges": [
              "0.0.0.0/0"
            ],
            "source_service_accounts": [],
            "source_tags": [],
            "target_service_accounts": [],
            "target_tags": [
              "https"
            ],
            "timeouts": null
          },
          "sensitive_attributes": [],
          "private": "eyJlMmJmYjczMC1lY2FhLTExZTYtOGY4OC0zNDM2M2JjN2M0YzAiOnsiY3JlYXRlIjoxMjAwMDAwMDAwMDAwLCJkZWxldGUiOjEyMDAwMDAwMDAwMDAsInVwZGF0ZSI6MTIwMDAwMDAwMDAwMH0sInNjaGVtYV92ZXJzaW9uIjoiMSJ9",
          "dependencies": [
            "google_compute_network.vpc"
          ]
        }
      ]
    },
    {
      "mode": "managed",
      "type": "google_compute_firewall",
      "name": "allow-kuber",
      "provider": "provider[\"registry.terraform.io/hashicorp/google\"]",
      "instances": [
        {
          "schema_version": 1,
          "attributes": {
            "allow": [
              {
                "ports": [
                  "6443"
                ],
                "protocol": "tcp"
              }
            ],
            "creation_timestamp": "2023-08-28T01:58:41.941-07:00",
            "deny": [],
            "description": "",
            "destination_ranges": [],
            "direction": "INGRESS",
            "disabled": false,
            "enable_logging": null,
            "id": "projects/mypersonaluse-396811/global/firewalls/kube-cluster-test-fw-allow-kuber",
            "log_config": [],
            "name": "kube-cluster-test-fw-allow-kuber",
            "network": "https://www.googleapis.com/compute/v1/projects/mypersonaluse-396811/global/networks/webfusion-kube-cluster-test-vpc",
            "priority": 1000,
            "project": "mypersonaluse-396811",
            "self_link": "https://www.googleapis.com/compute/v1/projects/mypersonaluse-396811/global/firewalls/kube-cluster-test-fw-allow-kuber",
            "source_ranges": [
              "0.0.0.0/0"
            ],
            "source_service_accounts": [],
            "source_tags": [],
            "target_service_accounts": [],
            "target_tags": [
              "http"
            ],
            "timeouts": null
          },
          "sensitive_attributes": [],
          "private": "eyJlMmJmYjczMC1lY2FhLTExZTYtOGY4OC0zNDM2M2JjN2M0YzAiOnsiY3JlYXRlIjoxMjAwMDAwMDAwMDAwLCJkZWxldGUiOjEyMDAwMDAwMDAwMDAsInVwZGF0ZSI6MTIwMDAwMDAwMDAwMH0sInNjaGVtYV92ZXJzaW9uIjoiMSJ9",
          "dependencies": [
            "google_compute_network.vpc"
          ]
        }
      ]
    },
    {
      "mode": "managed",
      "type": "google_compute_firewall",
      "name": "allow-rdp",
      "provider": "provider[\"registry.terraform.io/hashicorp/google\"]",
      "instances": [
        {
          "schema_version": 1,
          "attributes": {
            "allow": [
              {
                "ports": [
                  "3389"
                ],
                "protocol": "tcp"
              }
            ],
            "creation_timestamp": "2023-08-28T01:58:41.841-07:00",
            "deny": [],
            "description": "",
            "destination_ranges": [],
            "direction": "INGRESS",
            "disabled": false,
            "enable_logging": null,
            "id": "projects/mypersonaluse-396811/global/firewalls/kube-cluster-test-fw-allow-rdp",
            "log_config": [],
            "name": "kube-cluster-test-fw-allow-rdp",
            "network": "https://www.googleapis.com/compute/v1/projects/mypersonaluse-396811/global/networks/webfusion-kube-cluster-test-vpc",
            "priority": 1000,
            "project": "mypersonaluse-396811",
            "self_link": "https://www.googleapis.com/compute/v1/projects/mypersonaluse-396811/global/firewalls/kube-cluster-test-fw-allow-rdp",
            "source_ranges": [
              "0.0.0.0/0"
            ],
            "source_service_accounts": [],
            "source_tags": [],
            "target_service_accounts": [],
            "target_tags": [
              "rdp"
            ],
            "timeouts": null
          },
          "sensitive_attributes": [],
          "private": "eyJlMmJmYjczMC1lY2FhLTExZTYtOGY4OC0zNDM2M2JjN2M0YzAiOnsiY3JlYXRlIjoxMjAwMDAwMDAwMDAwLCJkZWxldGUiOjEyMDAwMDAwMDAwMDAsInVwZGF0ZSI6MTIwMDAwMDAwMDAwMH0sInNjaGVtYV92ZXJzaW9uIjoiMSJ9",
          "dependencies": [
            "google_compute_network.vpc"
          ]
        }
      ]
    },
    {
      "mode": "managed",
      "type": "google_compute_firewall",
      "name": "allow-ssh",
      "provider": "provider[\"registry.terraform.io/hashicorp/google\"]",
      "instances": [
        {
          "schema_version": 1,
          "attributes": {
            "allow": [
              {
                "ports": [
                  "22"
                ],
                "protocol": "tcp"
              }
            ],
            "creation_timestamp": "2023-08-28T01:58:41.821-07:00",
            "deny": [],
            "description": "",
            "destination_ranges": [],
            "direction": "INGRESS",
            "disabled": false,
            "enable_logging": null,
            "id": "projects/mypersonaluse-396811/global/firewalls/kube-cluster-test-fw-allow-ssh",
            "log_config": [],
            "name": "kube-cluster-test-fw-allow-ssh",
            "network": "https://www.googleapis.com/compute/v1/projects/mypersonaluse-396811/global/networks/webfusion-kube-cluster-test-vpc",
            "priority": 1000,
            "project": "mypersonaluse-396811",
            "self_link": "https://www.googleapis.com/compute/v1/projects/mypersonaluse-396811/global/firewalls/kube-cluster-test-fw-allow-ssh",
            "source_ranges": [
              "0.0.0.0/0"
            ],
            "source_service_accounts": [],
            "source_tags": [],
            "target_service_accounts": [],
            "target_tags": [
              "ssh"
            ],
            "timeouts": null
          },
          "sensitive_attributes": [],
          "private": "eyJlMmJmYjczMC1lY2FhLTExZTYtOGY4OC0zNDM2M2JjN2M0YzAiOnsiY3JlYXRlIjoxMjAwMDAwMDAwMDAwLCJkZWxldGUiOjEyMDAwMDAwMDAwMDAsInVwZGF0ZSI6MTIwMDAwMDAwMDAwMH0sInNjaGVtYV92ZXJzaW9uIjoiMSJ9",
          "dependencies": [
            "google_compute_network.vpc"
          ]
        }
      ]
    },
    {
      "mode": "managed",
      "type": "google_compute_instance",
      "name": "vm_instance_public",
      "provider": "provider[\"registry.terraform.io/hashicorp/google\"]",
      "instances": [
        {
          "schema_version": 6,
          "attributes": {
            "advanced_machine_features": [],
            "allow_stopping_for_update": null,
            "attached_disk": [],
            "boot_disk": [
              {
                "auto_delete": true,
                "device_name": "persistent-disk-0",
                "disk_encryption_key_raw": "",
                "disk_encryption_key_sha256": "",
                "initialize_params": [
                  {
                    "image": "https://www.googleapis.com/compute/v1/projects/ubuntu-os-cloud/global/images/ubuntu-2004-focal-v20230817",
                    "labels": {},
                    "resource_manager_tags": null,
                    "size": 10,
                    "type": "pd-standard"
                  }
                ],
                "kms_key_self_link": "",
                "mode": "READ_WRITE",
                "source": "https://www.googleapis.com/compute/v1/projects/mypersonaluse-396811/zones/europe-north1-a/disks/master-webfusion-kube-cluster-test-vm"
              }
            ],
            "can_ip_forward": false,
            "confidential_instance_config": [],
            "cpu_platform": "Intel Broadwell",
            "current_status": "RUNNING",
            "deletion_protection": false,
            "description": "",
            "desired_status": null,
            "enable_display": false,
            "guest_accelerator": [],
            "hostname": "kube-cluster-vm3f0bb869.garystimber.site",
            "id": "projects/mypersonaluse-396811/zones/europe-north1-a/instances/master-webfusion-kube-cluster-test-vm",
            "instance_id": "302743653590359225",
            "label_fingerprint": "42WmSpB8rSM=",
            "labels": null,
            "machine_type": "e2-medium",
            "metadata": null,
            "metadata_fingerprint": "KE5DxIAG1gk=",
            "metadata_startup_script": "sudo swapoff -a;\r\nsudo apt install docker.io -y;\r\ncurl -s https://packages.cloud.google.com/apt/doc/apt-key.gpg | sudo apt-key add;\r\necho \"deb https://apt.kubernetes.io/ kubernetes-xenial main\" | sudo tee /etc/apt/sources.list.d/kubernetes.list;\r\nsudo apt update;\r\nsudo apt install kubeadm kubelet kubectl kubernetes-cni -y;\r\n",
            "min_cpu_platform": "",
            "name": "master-webfusion-kube-cluster-test-vm",
            "network_interface": [
              {
                "access_config": [
                  {
                    "nat_ip": "34.88.128.161",
                    "network_tier": "PREMIUM",
                    "public_ptr_domain_name": ""
                  }
                ],
                "alias_ip_range": [],
                "ipv6_access_config": [],
                "ipv6_access_type": "",
                "name": "nic0",
                "network": "https://www.googleapis.com/compute/v1/projects/mypersonaluse-396811/global/networks/webfusion-kube-cluster-test-vpc",
                "network_ip": "10.10.10.2",
                "nic_type": "",
                "queue_count": 0,
                "stack_type": "IPV4_ONLY",
                "subnetwork": "https://www.googleapis.com/compute/v1/projects/mypersonaluse-396811/regions/europe-north1/subnetworks/webfusion-kube-cluster-test-subnet",
                "subnetwork_project": "mypersonaluse-396811"
              }
            ],
            "network_performance_config": [],
            "params": [],
            "project": "mypersonaluse-396811",
            "reservation_affinity": [],
            "resource_policies": null,
            "scheduling": [
              {
                "automatic_restart": true,
                "instance_termination_action": "",
                "local_ssd_recovery_timeout": [],
                "min_node_cpus": 0,
                "node_affinities": [],
                "on_host_maintenance": "MIGRATE",
                "preemptible": false,
                "provisioning_model": "STANDARD"
              }
            ],
            "scratch_disk": [],
            "self_link": "https://www.googleapis.com/compute/v1/projects/mypersonaluse-396811/zones/europe-north1-a/instances/master-webfusion-kube-cluster-test-vm",
            "service_account": [],
            "shielded_instance_config": [
              {
                "enable_integrity_monitoring": true,
                "enable_secure_boot": false,
                "enable_vtpm": true
              }
            ],
            "tags": [
              "http",
              "ssh"
            ],
            "tags_fingerprint": "7XLBdwIeS7E=",
            "timeouts": null,
            "zone": "europe-north1-a"
          },
          "sensitive_attributes": [],
          "private": "eyJlMmJmYjczMC1lY2FhLTExZTYtOGY4OC0zNDM2M2JjN2M0YzAiOnsiY3JlYXRlIjoxMjAwMDAwMDAwMDAwLCJkZWxldGUiOjEyMDAwMDAwMDAwMDAsInVwZGF0ZSI6MTIwMDAwMDAwMDAwMH0sInNjaGVtYV92ZXJzaW9uIjoiNiJ9",
          "dependencies": [
            "data.template_file.linux-metadata",
            "google_compute_address.static",
            "google_compute_network.vpc",
            "google_compute_subnetwork.network_subnet",
            "random_id.instance_id"
          ]
        }
      ]
    },
    {
      "mode": "managed",
      "type": "google_compute_instance",
      "name": "vm_instance_public2",
      "provider": "provider[\"registry.terraform.io/hashicorp/google\"]",
      "instances": [
        {
          "schema_version": 6,
          "attributes": {
            "advanced_machine_features": [],
            "allow_stopping_for_update": null,
            "attached_disk": [],
            "boot_disk": [
              {
                "auto_delete": true,
                "device_name": "persistent-disk-0",
                "disk_encryption_key_raw": "",
                "disk_encryption_key_sha256": "",
                "initialize_params": [
                  {
                    "image": "https://www.googleapis.com/compute/v1/projects/ubuntu-os-cloud/global/images/ubuntu-2004-focal-v20230817",
                    "labels": {},
                    "resource_manager_tags": null,
                    "size": 10,
                    "type": "pd-standard"
                  }
                ],
                "kms_key_self_link": "",
                "mode": "READ_WRITE",
                "source": "https://www.googleapis.com/compute/v1/projects/mypersonaluse-396811/zones/europe-north1-a/disks/woker-1-webfusion-kube-cluster-test-vm"
              }
            ],
            "can_ip_forward": false,
            "confidential_instance_config": [],
            "cpu_platform": "Intel Broadwell",
            "current_status": "RUNNING",
            "deletion_protection": false,
            "description": "",
            "desired_status": null,
            "enable_display": false,
            "guest_accelerator": [],
            "hostname": "kube-cluster-vm3f0bb869.garystimber.site",
            "id": "projects/mypersonaluse-396811/zones/europe-north1-a/instances/woker-1-webfusion-kube-cluster-test-vm",
            "instance_id": "7923134819272350904",
            "label_fingerprint": "42WmSpB8rSM=",
            "labels": null,
            "machine_type": "e2-medium",
            "metadata": null,
            "metadata_fingerprint": "KE5DxIAG1gk=",
            "metadata_startup_script": "sudo swapoff -a;\r\nsudo apt install docker.io -y;\r\ncurl -s https://packages.cloud.google.com/apt/doc/apt-key.gpg | sudo apt-key add;\r\necho \"deb https://apt.kubernetes.io/ kubernetes-xenial main\" | sudo tee /etc/apt/sources.list.d/kubernetes.list;\r\nsudo apt update;\r\nsudo apt install kubeadm kubelet kubectl kubernetes-cni -y;\r\n",
            "min_cpu_platform": "",
            "name": "woker-1-webfusion-kube-cluster-test-vm",
            "network_interface": [
              {
                "access_config": [
                  {
                    "nat_ip": "34.88.145.133",
                    "network_tier": "PREMIUM",
                    "public_ptr_domain_name": ""
                  }
                ],
                "alias_ip_range": [],
                "ipv6_access_config": [],
                "ipv6_access_type": "",
                "name": "nic0",
                "network": "https://www.googleapis.com/compute/v1/projects/mypersonaluse-396811/global/networks/webfusion-kube-cluster-test-vpc",
                "network_ip": "10.10.10.3",
                "nic_type": "",
                "queue_count": 0,
                "stack_type": "IPV4_ONLY",
                "subnetwork": "https://www.googleapis.com/compute/v1/projects/mypersonaluse-396811/regions/europe-north1/subnetworks/webfusion-kube-cluster-test-subnet",
                "subnetwork_project": "mypersonaluse-396811"
              }
            ],
            "network_performance_config": [],
            "params": [],
            "project": "mypersonaluse-396811",
            "reservation_affinity": [],
            "resource_policies": null,
            "scheduling": [
              {
                "automatic_restart": true,
                "instance_termination_action": "",
                "local_ssd_recovery_timeout": [],
                "min_node_cpus": 0,
                "node_affinities": [],
                "on_host_maintenance": "MIGRATE",
                "preemptible": false,
                "provisioning_model": "STANDARD"
              }
            ],
            "scratch_disk": [],
            "self_link": "https://www.googleapis.com/compute/v1/projects/mypersonaluse-396811/zones/europe-north1-a/instances/woker-1-webfusion-kube-cluster-test-vm",
            "service_account": [],
            "shielded_instance_config": [
              {
                "enable_integrity_monitoring": true,
                "enable_secure_boot": false,
                "enable_vtpm": true
              }
            ],
            "tags": [
              "http",
              "ssh"
            ],
            "tags_fingerprint": "7XLBdwIeS7E=",
            "timeouts": null,
            "zone": "europe-north1-a"
          },
          "sensitive_attributes": [],
          "private": "eyJlMmJmYjczMC1lY2FhLTExZTYtOGY4OC0zNDM2M2JjN2M0YzAiOnsiY3JlYXRlIjoxMjAwMDAwMDAwMDAwLCJkZWxldGUiOjEyMDAwMDAwMDAwMDAsInVwZGF0ZSI6MTIwMDAwMDAwMDAwMH0sInNjaGVtYV92ZXJzaW9uIjoiNiJ9",
          "dependencies": [
            "data.template_file.linux-metadata",
            "google_compute_address.static2",
            "google_compute_network.vpc",
            "google_compute_subnetwork.network_subnet",
            "random_id.instance_id"
          ]
        }
      ]
    },
    {
      "mode": "managed",
      "type": "google_compute_instance",
      "name": "vm_instance_public3",
      "provider": "provider[\"registry.terraform.io/hashicorp/google\"]",
      "instances": [
        {
          "schema_version": 6,
          "attributes": {
            "advanced_machine_features": [],
            "allow_stopping_for_update": null,
            "attached_disk": [],
            "boot_disk": [
              {
                "auto_delete": true,
                "device_name": "persistent-disk-0",
                "disk_encryption_key_raw": "",
                "disk_encryption_key_sha256": "",
                "initialize_params": [
                  {
                    "image": "https://www.googleapis.com/compute/v1/projects/ubuntu-os-cloud/global/images/ubuntu-2004-focal-v20230817",
                    "labels": {},
                    "resource_manager_tags": null,
                    "size": 10,
                    "type": "pd-standard"
                  }
                ],
                "kms_key_self_link": "",
                "mode": "READ_WRITE",
                "source": "https://www.googleapis.com/compute/v1/projects/mypersonaluse-396811/zones/europe-north1-a/disks/worker-2webfusion-kube-cluster-test-vm"
              }
            ],
            "can_ip_forward": false,
            "confidential_instance_config": [],
            "cpu_platform": "Intel Broadwell",
            "current_status": "RUNNING",
            "deletion_protection": false,
            "description": "",
            "desired_status": null,
            "enable_display": false,
            "guest_accelerator": [],
            "hostname": "kube-cluster-vm3f0bb869.garystimber.site",
            "id": "projects/mypersonaluse-396811/zones/europe-north1-a/instances/worker-2webfusion-kube-cluster-test-vm",
            "instance_id": "7703386511244385464",
            "label_fingerprint": "42WmSpB8rSM=",
            "labels": null,
            "machine_type": "e2-medium",
            "metadata": null,
            "metadata_fingerprint": "KE5DxIAG1gk=",
            "metadata_startup_script": "sudo swapoff -a;\r\nsudo apt install docker.io -y;\r\ncurl -s https://packages.cloud.google.com/apt/doc/apt-key.gpg | sudo apt-key add;\r\necho \"deb https://apt.kubernetes.io/ kubernetes-xenial main\" | sudo tee /etc/apt/sources.list.d/kubernetes.list;\r\nsudo apt update;\r\nsudo apt install kubeadm kubelet kubectl kubernetes-cni -y;\r\n",
            "min_cpu_platform": "",
            "name": "worker-2webfusion-kube-cluster-test-vm",
            "network_interface": [
              {
                "access_config": [
                  {
                    "nat_ip": "35.228.105.124",
                    "network_tier": "PREMIUM",
                    "public_ptr_domain_name": ""
                  }
                ],
                "alias_ip_range": [],
                "ipv6_access_config": [],
                "ipv6_access_type": "",
                "name": "nic0",
                "network": "https://www.googleapis.com/compute/v1/projects/mypersonaluse-396811/global/networks/webfusion-kube-cluster-test-vpc",
                "network_ip": "10.10.10.4",
                "nic_type": "",
                "queue_count": 0,
                "stack_type": "IPV4_ONLY",
                "subnetwork": "https://www.googleapis.com/compute/v1/projects/mypersonaluse-396811/regions/europe-north1/subnetworks/webfusion-kube-cluster-test-subnet",
                "subnetwork_project": "mypersonaluse-396811"
              }
            ],
            "network_performance_config": [],
            "params": [],
            "project": "mypersonaluse-396811",
            "reservation_affinity": [],
            "resource_policies": null,
            "scheduling": [
              {
                "automatic_restart": true,
                "instance_termination_action": "",
                "local_ssd_recovery_timeout": [],
                "min_node_cpus": 0,
                "node_affinities": [],
                "on_host_maintenance": "MIGRATE",
                "preemptible": false,
                "provisioning_model": "STANDARD"
              }
            ],
            "scratch_disk": [],
            "self_link": "https://www.googleapis.com/compute/v1/projects/mypersonaluse-396811/zones/europe-north1-a/instances/worker-2webfusion-kube-cluster-test-vm",
            "service_account": [],
            "shielded_instance_config": [
              {
                "enable_integrity_monitoring": true,
                "enable_secure_boot": false,
                "enable_vtpm": true
              }
            ],
            "tags": [
              "http",
              "ssh"
            ],
            "tags_fingerprint": "7XLBdwIeS7E=",
            "timeouts": null,
            "zone": "europe-north1-a"
          },
          "sensitive_attributes": [],
          "private": "eyJlMmJmYjczMC1lY2FhLTExZTYtOGY4OC0zNDM2M2JjN2M0YzAiOnsiY3JlYXRlIjoxMjAwMDAwMDAwMDAwLCJkZWxldGUiOjEyMDAwMDAwMDAwMDAsInVwZGF0ZSI6MTIwMDAwMDAwMDAwMH0sInNjaGVtYV92ZXJzaW9uIjoiNiJ9",
          "dependencies": [
            "data.template_file.linux-metadata",
            "google_compute_address.static3",
            "google_compute_network.vpc",
            "google_compute_subnetwork.network_subnet",
            "random_id.instance_id"
          ]
        }
      ]
    },
    {
      "mode": "managed",
      "type": "google_compute_network",
      "name": "vpc",
      "provider": "provider[\"registry.terraform.io/hashicorp/google\"]",
      "instances": [
        {
          "schema_version": 0,
          "attributes": {
            "auto_create_subnetworks": false,
            "delete_default_routes_on_create": false,
            "description": "",
            "enable_ula_internal_ipv6": false,
            "gateway_ipv4": "",
            "id": "projects/mypersonaluse-396811/global/networks/webfusion-kube-cluster-test-vpc",
            "internal_ipv6_range": "",
            "mtu": 0,
            "name": "webfusion-kube-cluster-test-vpc",
            "network_firewall_policy_enforcement_order": "AFTER_CLASSIC_FIREWALL",
            "project": "mypersonaluse-396811",
            "routing_mode": "GLOBAL",
            "self_link": "https://www.googleapis.com/compute/v1/projects/mypersonaluse-396811/global/networks/webfusion-kube-cluster-test-vpc",
            "timeouts": null
          },
          "sensitive_attributes": [],
          "private": "eyJlMmJmYjczMC1lY2FhLTExZTYtOGY4OC0zNDM2M2JjN2M0YzAiOnsiY3JlYXRlIjoxMjAwMDAwMDAwMDAwLCJkZWxldGUiOjEyMDAwMDAwMDAwMDAsInVwZGF0ZSI6MTIwMDAwMDAwMDAwMH19"
        }
      ]
    },
    {
      "mode": "managed",
      "type": "google_compute_subnetwork",
      "name": "network_subnet",
      "provider": "provider[\"registry.terraform.io/hashicorp/google\"]",
      "instances": [
        {
          "schema_version": 0,
          "attributes": {
            "creation_timestamp": "2023-08-28T01:58:43.067-07:00",
            "description": "",
            "external_ipv6_prefix": "",
            "fingerprint": null,
            "gateway_address": "10.10.10.1",
            "id": "projects/mypersonaluse-396811/regions/europe-north1/subnetworks/webfusion-kube-cluster-test-subnet",
            "ip_cidr_range": "10.10.10.0/24",
            "ipv6_access_type": "",
            "ipv6_cidr_range": "",
            "log_config": [],
            "name": "webfusion-kube-cluster-test-subnet",
            "network": "https://www.googleapis.com/compute/v1/projects/mypersonaluse-396811/global/networks/webfusion-kube-cluster-test-vpc",
            "private_ip_google_access": false,
            "private_ipv6_google_access": "DISABLE_GOOGLE_ACCESS",
            "project": "mypersonaluse-396811",
            "purpose": "PRIVATE",
            "region": "europe-north1",
            "role": "",
            "secondary_ip_range": [],
            "self_link": "https://www.googleapis.com/compute/v1/projects/mypersonaluse-396811/regions/europe-north1/subnetworks/webfusion-kube-cluster-test-subnet",
            "stack_type": "IPV4_ONLY",
            "timeouts": null
          },
          "sensitive_attributes": [],
          "private": "eyJlMmJmYjczMC1lY2FhLTExZTYtOGY4OC0zNDM2M2JjN2M0YzAiOnsiY3JlYXRlIjoxMjAwMDAwMDAwMDAwLCJkZWxldGUiOjEyMDAwMDAwMDAwMDAsInVwZGF0ZSI6MTIwMDAwMDAwMDAwMH19",
          "dependencies": [
            "google_compute_network.vpc"
          ]
        }
      ]
    },
    {
      "mode": "managed",
      "type": "random_id",
      "name": "instance_id",
      "provider": "provider[\"registry.terraform.io/hashicorp/random\"]",
      "instances": [
        {
          "schema_version": 0,
          "attributes": {
            "b64_std": "Pwu4aQ==",
            "b64_url": "Pwu4aQ",
            "byte_length": 4,
            "dec": "1057732713",
            "hex": "3f0bb869",
            "id": "Pwu4aQ",
            "keepers": null,
            "prefix": null
          },
          "sensitive_attributes": []
        }
      ]
    }
  ],
  "check_results": null
}
